
Microsoft Visual Studio Solution File, Format Version 12.00
# Visual Studio Version 16
VisualStudioVersion = 16.0.29519.181
MinimumVisualStudioVersion = 10.0.40219.1
Project("{FAE04EC0-301F-11D3-BF4B-00C04F79EFBC}") = "TraveoSoftConsoleApp", "TraveoSoftConsoleApp\TraveoSoftConsoleApp.csproj", "{53285955-FBAF-4387-9E56-4B73E72F1CD7}"
EndProject
Global
	GlobalSection(SolutionConfigurationPlatforms) = preSolution
		Debug|Any CPU = Debug|Any CPU
		Release|Any CPU = Release|Any CPU
	EndGlobalSection
	GlobalSection(ProjectConfigurationPlatforms) = postSolution
		{53285955-FBAF-4387-9E56-4B73E72F1CD7}.Debug|Any CPU.ActiveCfg = Debug|Any CPU
		{53285955-FBAF-4387-9E56-4B73E72F1CD7}.Debug|Any CPU.Build.0 = Debug|Any CPU
		{53285955-FBAF-4387-9E56-4B73E72F1CD7}.Release|Any CPU.ActiveCfg = Release|Any CPU
		{53285955-FBAF-4387-9E56-4B73E72F1CD7}.Release|Any CPU.Build.0 = Release|Any CPU
	EndGlobalSection
	GlobalSection(SolutionProperties) = preSolution
		HideSolutionNode = FALSE
	EndGlobalSection
	GlobalSection(ExtensibilityGlobals) = postSolution
		SolutionGuid = {294E96B6-27DD-4389-861B-D0FA8373F881}
	EndGlobalSection
EndGlobal
